
Microsoft Visual Studio Solution File, Format Version 12.00
# Visual Studio Version 17
VisualStudioVersion = 17.3.32929.385
MinimumVisualStudioVersion = 10.0.40219.1
Project("{54A90642-561A-4BB1-A94E-469ADEE60C69}") = "vuereport", "VueReport\vuereport.esproj", "{63FE8ADD-294B-40D9-8528-0CD78989F946}"
EndProject
Project("{9A19103F-16F7-4668-BE54-9A1E7A4F7556}") = "VueReportBackend", "VueReportBackend\VueReportBackend.csproj", "{8A568535-B28B-4FA1-B4EC-B7DAC4AEC714}"
EndProject
Project("{9A19103F-16F7-4668-BE54-9A1E7A4F7556}") = "Model", "Model\Model.csproj", "{26025359-394E-44CE-A9D4-8D353BB620BE}"
EndProject
Project("{9A19103F-16F7-4668-BE54-9A1E7A4F7556}") = "DbLayer", "DbLayer\DbLayer.csproj", "{3460B98A-FD25-4663-B498-47BE52CCB015}"
EndProject
Project("{9A19103F-16F7-4668-BE54-9A1E7A4F7556}") = "BussinesLayer", "BussinesLayer\BussinesLayer.csproj", "{71D89AFE-DD1E-431C-89D5-6DCDBF1EFFC0}"
EndProject
Global
	GlobalSection(SolutionConfigurationPlatforms) = preSolution
		Debug|Any CPU = Debug|Any CPU
		Release|Any CPU = Release|Any CPU
	EndGlobalSection
	GlobalSection(ProjectConfigurationPlatforms) = postSolution
		{63FE8ADD-294B-40D9-8528-0CD78989F946}.Debug|Any CPU.ActiveCfg = Debug|Any CPU
		{63FE8ADD-294B-40D9-8528-0CD78989F946}.Debug|Any CPU.Build.0 = Debug|Any CPU
		{63FE8ADD-294B-40D9-8528-0CD78989F946}.Debug|Any CPU.Deploy.0 = Debug|Any CPU
		{63FE8ADD-294B-40D9-8528-0CD78989F946}.Release|Any CPU.ActiveCfg = Release|Any CPU
		{63FE8ADD-294B-40D9-8528-0CD78989F946}.Release|Any CPU.Build.0 = Release|Any CPU
		{63FE8ADD-294B-40D9-8528-0CD78989F946}.Release|Any CPU.Deploy.0 = Release|Any CPU
		{8A568535-B28B-4FA1-B4EC-B7DAC4AEC714}.Debug|Any CPU.ActiveCfg = Debug|Any CPU
		{8A568535-B28B-4FA1-B4EC-B7DAC4AEC714}.Debug|Any CPU.Build.0 = Debug|Any CPU
		{8A568535-B28B-4FA1-B4EC-B7DAC4AEC714}.Release|Any CPU.ActiveCfg = Release|Any CPU
		{8A568535-B28B-4FA1-B4EC-B7DAC4AEC714}.Release|Any CPU.Build.0 = Release|Any CPU
		{26025359-394E-44CE-A9D4-8D353BB620BE}.Debug|Any CPU.ActiveCfg = Debug|Any CPU
		{26025359-394E-44CE-A9D4-8D353BB620BE}.Debug|Any CPU.Build.0 = Debug|Any CPU
		{26025359-394E-44CE-A9D4-8D353BB620BE}.Release|Any CPU.ActiveCfg = Release|Any CPU
		{26025359-394E-44CE-A9D4-8D353BB620BE}.Release|Any CPU.Build.0 = Release|Any CPU
		{3460B98A-FD25-4663-B498-47BE52CCB015}.Debug|Any CPU.ActiveCfg = Debug|Any CPU
		{3460B98A-FD25-4663-B498-47BE52CCB015}.Debug|Any CPU.Build.0 = Debug|Any CPU
		{3460B98A-FD25-4663-B498-47BE52CCB015}.Release|Any CPU.ActiveCfg = Release|Any CPU
		{3460B98A-FD25-4663-B498-47BE52CCB015}.Release|Any CPU.Build.0 = Release|Any CPU
		{71D89AFE-DD1E-431C-89D5-6DCDBF1EFFC0}.Debug|Any CPU.ActiveCfg = Debug|Any CPU
		{71D89AFE-DD1E-431C-89D5-6DCDBF1EFFC0}.Debug|Any CPU.Build.0 = Debug|Any CPU
		{71D89AFE-DD1E-431C-89D5-6DCDBF1EFFC0}.Release|Any CPU.ActiveCfg = Release|Any CPU
		{71D89AFE-DD1E-431C-89D5-6DCDBF1EFFC0}.Release|Any CPU.Build.0 = Release|Any CPU
	EndGlobalSection
	GlobalSection(SolutionProperties) = preSolution
		HideSolutionNode = FALSE
	EndGlobalSection
	GlobalSection(ExtensibilityGlobals) = postSolution
		SolutionGuid = {61E5F2EC-8F71-47E1-8058-00DC315C35EC}
	EndGlobalSection
EndGlobal
